{
  "name": "proxy",
  "version": "1.0.0",
  "lockfileVersion": 3,
  "requires": true,
  "packages": {
    "": {
      "name": "proxy",
      "version": "1.0.0",
      "license": "ISC",
      "dependencies": {
        "transparent-proxy": "^1.15.3"
      }
    },
    "node_modules/transparent-proxy": {
      "version": "1.15.3",
      "resolved": "https://registry.npmjs.org/transparent-proxy/-/transparent-proxy-1.15.3.tgz",
      "integrity": "sha512-zvmA3xXoq7z9tbxarHSYu/uxY7H/JkZDBxw8GqsQuRyFFwV5hmw+qETJVrc6ZpO5iSFVthIGdvyUlEKxibxgyA=="
    }
  }
}
